
Microsoft Visual Studio Solution File, Format Version 12.00
# Visual Studio 15
VisualStudioVersion = 15.0.28307.902
MinimumVisualStudioVersion = 10.0.40219.1
Project("{FAE04EC0-301F-11D3-BF4B-00C04F79EFBC}") = "DistrictCommandCenter", "UpdateBuildingPrefix\DistrictCommandCenter.csproj", "{03567626-545E-497D-BB46-5646FBC374A1}"
EndProject
Project("{2150E333-8FDC-42A3-9474-1A3956D46DE8}") = "Solution Items", "Solution Items", "{D879F35F-1B87-443A-9A7E-7CAF9F46C2EF}"
	ProjectSection(SolutionItems) = preProject
		.gitignore = .gitignore
		I:\Steam\steamapps\workshop\content\255710\785528371\CinematicCameraExtended.dll = I:\Steam\steamapps\workshop\content\255710\785528371\CinematicCameraExtended.dll
		README.MD = README.MD
	EndProjectSection
EndProject
Global
	GlobalSection(SolutionConfigurationPlatforms) = preSolution
		Benchmark|Any CPU = Benchmark|Any CPU
		Debug|Any CPU = Debug|Any CPU
		PF2_Debug|Any CPU = PF2_Debug|Any CPU
		Release|Any CPU = Release|Any CPU
	EndGlobalSection
	GlobalSection(ProjectConfigurationPlatforms) = postSolution
		{03567626-545E-497D-BB46-5646FBC374A1}.Benchmark|Any CPU.ActiveCfg = Release|Any CPU
		{03567626-545E-497D-BB46-5646FBC374A1}.Benchmark|Any CPU.Build.0 = Release|Any CPU
		{03567626-545E-497D-BB46-5646FBC374A1}.Debug|Any CPU.ActiveCfg = Debug|Any CPU
		{03567626-545E-497D-BB46-5646FBC374A1}.Debug|Any CPU.Build.0 = Debug|Any CPU
		{03567626-545E-497D-BB46-5646FBC374A1}.PF2_Debug|Any CPU.ActiveCfg = Debug|Any CPU
		{03567626-545E-497D-BB46-5646FBC374A1}.PF2_Debug|Any CPU.Build.0 = Debug|Any CPU
		{03567626-545E-497D-BB46-5646FBC374A1}.Release|Any CPU.ActiveCfg = Release|Any CPU
		{03567626-545E-497D-BB46-5646FBC374A1}.Release|Any CPU.Build.0 = Release|Any CPU
	EndGlobalSection
	GlobalSection(SolutionProperties) = preSolution
		HideSolutionNode = FALSE
	EndGlobalSection
	GlobalSection(ExtensibilityGlobals) = postSolution
		SolutionGuid = {93578CC7-9B2A-469D-A491-2A11D4F52019}
	EndGlobalSection
EndGlobal
